
Microsoft Visual Studio Solution File, Format Version 12.00
# Visual Studio Version 17
VisualStudioVersion = 17.12.35707.178 d17.12
MinimumVisualStudioVersion = 10.0.40219.1
Project("{FAE04EC0-301F-11D3-BF4B-00C04F79EFBC}") = "WeatherBackend", "WeatherBackend.csproj", "{2CA11760-6940-4E3D-8972-B4586DF6CBCC}"
EndProject
Global
	GlobalSection(SolutionConfigurationPlatforms) = preSolution
		Debug|Any CPU = Debug|Any CPU
		Release|Any CPU = Release|Any CPU
	EndGlobalSection
	GlobalSection(ProjectConfigurationPlatforms) = postSolution
		{2CA11760-6940-4E3D-8972-B4586DF6CBCC}.Debug|Any CPU.ActiveCfg = Debug|Any CPU
		{2CA11760-6940-4E3D-8972-B4586DF6CBCC}.Debug|Any CPU.Build.0 = Debug|Any CPU
		{2CA11760-6940-4E3D-8972-B4586DF6CBCC}.Release|Any CPU.ActiveCfg = Release|Any CPU
		{2CA11760-6940-4E3D-8972-B4586DF6CBCC}.Release|Any CPU.Build.0 = Release|Any CPU
	EndGlobalSection
	GlobalSection(SolutionProperties) = preSolution
		HideSolutionNode = FALSE
	EndGlobalSection
EndGlobal
